PODS:
  - Alamofire (3.2.0)
  - Charts (2.2.1):
    - Charts/Core (= 2.2.1)
  - Charts/Core (2.2.1)
  - HockeySDK (3.8.6):
    - HockeySDK/AllFeaturesLib (= 3.8.6)
  - HockeySDK/AllFeaturesLib (3.8.6)
  - SwiftyJSON (2.3.2)

DEPENDENCIES:
  - Alamofire (= 3.2)
  - Charts (= 2.2.1)
  - HockeySDK (~> 3.8.5)
  - SwiftyJSON (from `https://github.com/SwiftyJSON/SwiftyJSON.git`)

EXTERNAL SOURCES:
  SwiftyJSON:
    :git: https://github.com/SwiftyJSON/SwiftyJSON.git

CHECKOUT OPTIONS:
  SwiftyJSON:
    :commit: 2a5b70f06001316d4fb54501edc70b4084705da0
    :git: https://github.com/SwiftyJSON/SwiftyJSON.git

SPEC CHECKSUMS:
  Alamofire: 4da478599fccddff361205c8929333d7fe18dceb
  Charts: 3ff893c1a4416ab6abed7a6d26fa1c13372f3456
  HockeySDK: ab68303eec6680f6b539de65d747742dd276e934
  SwiftyJSON: 04ccea08915aa0109039157c7974cf0298da292a

PODFILE CHECKSUM: fcf5c8259cdf8f73cc8db006b5a76bf572387dc8

COCOAPODS: 1.0.0.beta.6
